// !$*UTF8*$!
{
	archiveVersion = 1;
	classes = {
	};
	objectVersion = 46;
	objects = {

/* Begin PBXBuildFile section */
		B655DD471AE0821700E70EFF /* profileImage.jpg in Resources */ = {isa = PBXBuildFile; fileRef = B655DD461AE0821700E70EFF /* profileImage.jpg */; };
		B674CEBB1AE81883002B6D23 /* BMCollectionVC.swift in Sources */ = {isa = PBXBuildFile; fileRef = B674CEBA1AE81883002B6D23 /* BMCollectionVC.swift */; };
		B674CEBF1AE83B09002B6D23 /* Factory.swift in Sources */ = {isa = PBXBuildFile; fileRef = B674CEBE1AE83B09002B6D23 /* Factory.swift */; };
		B6A0E4091AE995BD00DBC66F /* BMDetailViewController.swift in Sources */ = {isa = PBXBuildFile; fileRef = B6A0E4081AE995BD00DBC66F /* BMDetailViewController.swift */; };
		B6A0E40B1AE9A5BC00DBC66F /* BMButton.swift in Sources */ = {isa = PBXBuildFile; fileRef = B6A0E40A1AE9A5BC00DBC66F /* BMButton.swift */; };
		B6A0E40D1AE9A71E00DBC66F /* cross.png in Resources */ = {isa = PBXBuildFile; fileRef = B6A0E40C1AE9A71E00DBC66F /* cross.png */; };
		B6A0E40F1AE9AE5A00DBC66F /* about.png in Resources */ = {isa = PBXBuildFile; fileRef = B6A0E40E1AE9AE5A00DBC66F /* about.png */; };
		B6A0E4131AE9B5F600DBC66F /* traveling.png in Resources */ = {isa = PBXBuildFile; fileRef = B6A0E4121AE9B5F600DBC66F /* traveling.png */; };
		B6A0E4151AE9B7BF00DBC66F /* coding.png in Resources */ = {isa = PBXBuildFile; fileRef = B6A0E4141AE9B7BF00DBC66F /* coding.png */; };
		B6A0E4191AE9C02A00DBC66F /* education.png in Resources */ = {isa = PBXBuildFile; fileRef = B6A0E4181AE9C02A00DBC66F /* education.png */; };
		B6A0E41B1AE9C02E00DBC66F /* guitar.png in Resources */ = {isa = PBXBuildFile; fileRef = B6A0E41A1AE9C02E00DBC66F /* guitar.png */; };
		B6A0E41D1AE9C03200DBC66F /* golfing.png in Resources */ = {isa = PBXBuildFile; fileRef = B6A0E41C1AE9C03200DBC66F /* golfing.png */; };
		B6A0E4211AE9C27300DBC66F /* handball.png in Resources */ = {isa = PBXBuildFile; fileRef = B6A0E4201AE9C27300DBC66F /* handball.png */; };
		B6A0E4231AE9C8A300DBC66F /* BMLabel.swift in Sources */ = {isa = PBXBuildFile; fileRef = B6A0E4221AE9C8A300DBC66F /* BMLabel.swift */; };
		B6A0E42A1AE9D42B00DBC66F /* BMTableViewTextCell.swift in Sources */ = {isa = PBXBuildFile; fileRef = B6A0E4281AE9D42B00DBC66F /* BMTableViewTextCell.swift */; };
		B6A0E42D1AE9F85B00DBC66F /* BMTableViewPictureCell.swift in Sources */ = {isa = PBXBuildFile; fileRef = B6A0E42C1AE9F85B00DBC66F /* BMTableViewPictureCell.swift */; };
		B6B19BE71ADD84E7006FDE40 /* AppDelegate.swift in Sources */ = {isa = PBXBuildFile; fileRef = B6B19BE61ADD84E7006FDE40 /* AppDelegate.swift */; };
		B6B19BE91ADD84E7006FDE40 /* ViewController.swift in Sources */ = {isa = PBXBuildFile; fileRef = B6B19BE81ADD84E7006FDE40 /* ViewController.swift */; };
		B6B19BEC1ADD84E7006FDE40 /* Main.storyboard in Resources */ = {isa = PBXBuildFile; fileRef = B6B19BEA1ADD84E7006FDE40 /* Main.storyboard */; };
		B6B19BEE1ADD84E7006FDE40 /* Images.xcassets in Resources */ = {isa = PBXBuildFile; fileRef = B6B19BED1ADD84E7006FDE40 /* Images.xcassets */; };
		B6B19BF11ADD84E7006FDE40 /* LaunchScreen.xib in Resources */ = {isa = PBXBuildFile; fileRef = B6B19BEF1ADD84E7006FDE40 /* LaunchScreen.xib */; };
		B6B19BFD1ADD84E7006FDE40 /* Bastian_MorathTests.swift in Sources */ = {isa = PBXBuildFile; fileRef = B6B19BFC1ADD84E7006FDE40 /* Bastian_MorathTests.swift */; };
		B6B19C071ADD8621006FDE40 /* CollectionViewCell.swift in Sources */ = {isa = PBXBuildFile; fileRef = B6B19C061ADD8621006FDE40 /* CollectionViewCell.swift */; };
		B6B19C091ADD8756006FDE40 /* BMCollectionViewLayout.swift in Sources */ = {isa = PBXBuildFile; fileRef = B6B19C081ADD8756006FDE40 /* BMCollectionViewLayout.swift */; };
		B6B19C0D1ADDF781006FDE40 /* image.PNG in Resources */ = {isa = PBXBuildFile; fileRef = B6B19C0C1ADDF781006FDE40 /* image.PNG */; };
/* End PBXBuildFile section */

/* Begin PBXContainerItemProxy section */
		B6B19BF71ADD84E7006FDE40 /* PBXContainerItemProxy */ = {
			isa = PBXContainerItemProxy;
			containerPortal = B6B19BD91ADD84E7006FDE40 /* Project object */;
			proxyType = 1;
			remoteGlobalIDString = B6B19BE01ADD84E7006FDE40;
			remoteInfo = "Bastian Morath";
		};
/* End PBXContainerItemProxy section */

/* Begin PBXFileReference section */
		B655DD461AE0821700E70EFF /* profileImage.jpg */ = {isa = PBXFileReference; lastKnownFileType = image.jpeg; path = profileImage.jpg; sourceTree = "<group>"; };
		B674CEBA1AE81883002B6D23 /* BMCollectionVC.swift */ = {isa = PBXFileReference; fileEncoding = 4; lastKnownFileType = sourcecode.swift; path = BMCollectionVC.swift; sourceTree = "<group>"; };
		B674CEBE1AE83B09002B6D23 /* Factory.swift */ = {isa = PBXFileReference; fileEncoding = 4; lastKnownFileType = sourcecode.swift; path = Factory.swift; sourceTree = "<group>"; };
		B6A0E4081AE995BD00DBC66F /* BMDetailViewController.swift */ = {isa = PBXFileReference; fileEncoding = 4; lastKnownFileType = sourcecode.swift; path = BMDetailViewController.swift; sourceTree = "<group>"; };
		B6A0E40A1AE9A5BC00DBC66F /* BMButton.swift */ = {isa = PBXFileReference; fileEncoding = 4; lastKnownFileType = sourcecode.swift; path = BMButton.swift; sourceTree = "<group>"; };
		B6A0E40C1AE9A71E00DBC66F /* cross.png */ = {isa = PBXFileReference; lastKnownFileType = image.png; path = cross.png; sourceTree = "<group>"; };
		B6A0E40E1AE9AE5A00DBC66F /* about.png */ = {isa = PBXFileReference; lastKnownFileType = image.png; path = about.png; sourceTree = "<group>"; };
		B6A0E4121AE9B5F600DBC66F /* traveling.png */ = {isa = PBXFileReference; lastKnownFileType = image.png; path = traveling.png; sourceTree = "<group>"; };
		B6A0E4141AE9B7BF00DBC66F /* coding.png */ = {isa = PBXFileReference; lastKnownFileType = image.png; path = coding.png; sourceTree = "<group>"; };
		B6A0E4181AE9C02A00DBC66F /* education.png */ = {isa = PBXFileReference; lastKnownFileType = image.png; path = education.png; sourceTree = "<group>"; };
		B6A0E41A1AE9C02E00DBC66F /* guitar.png */ = {isa = PBXFileReference; lastKnownFileType = image.png; path = guitar.png; sourceTree = "<group>"; };
		B6A0E41C1AE9C03200DBC66F /* golfing.png */ = {isa = PBXFileReference; lastKnownFileType = image.png; path = golfing.png; sourceTree = "<group>"; };
		B6A0E4201AE9C27300DBC66F /* handball.png */ = {isa = PBXFileReference; lastKnownFileType = image.png; path = handball.png; sourceTree = "<group>"; };
		B6A0E4221AE9C8A300DBC66F /* BMLabel.swift */ = {isa = PBXFileReference; fileEncoding = 4; lastKnownFileType = sourcecode.swift; path = BMLabel.swift; sourceTree = "<group>"; };
		B6A0E4281AE9D42B00DBC66F /* BMTableViewTextCell.swift */ = {isa = PBXFileReference; fileEncoding = 4; lastKnownFileType = sourcecode.swift; path = BMTableViewTextCell.swift; sourceTree = "<group>"; };
		B6A0E42C1AE9F85B00DBC66F /* BMTableViewPictureCell.swift */ = {isa = PBXFileReference; fileEncoding = 4; lastKnownFileType = sourcecode.swift; path = BMTableViewPictureCell.swift; sourceTree = "<group>"; };
		B6B19BE11ADD84E7006FDE40 /* Bastian Morath.app */ = {isa = PBXFileReference; explicitFileType = wrapper.application; includeInIndex = 0; path = "Bastian Morath.app"; sourceTree = BUILT_PRODUCTS_DIR; };
		B6B19BE51ADD84E7006FDE40 /* Info.plist */ = {isa = PBXFileReference; lastKnownFileType = text.plist.xml; path = Info.plist; sourceTree = "<group>"; };
		B6B19BE61ADD84E7006FDE40 /* AppDelegate.swift */ = {isa = PBXFileReference; lastKnownFileType = sourcecode.swift; path = AppDelegate.swift; sourceTree = "<group>"; };
		B6B19BE81ADD84E7006FDE40 /* ViewController.swift */ = {isa = PBXFileReference; lastKnownFileType = sourcecode.swift; path = ViewController.swift; sourceTree = "<group>"; };
		B6B19BEB1ADD84E7006FDE40 /* Base */ = {isa = PBXFileReference; lastKnownFileType = file.storyboard; name = Base; path = Base.lproj/Main.storyboard; sourceTree = "<group>"; };
		B6B19BED1ADD84E7006FDE40 /* Images.xcassets */ = {isa = PBXFileReference; lastKnownFileType = folder.assetcatalog; path = Images.xcassets; sourceTree = "<group>"; };
		B6B19BF01ADD84E7006FDE40 /* Base */ = {isa = PBXFileReference; lastKnownFileType = file.xib; name = Base; path = Base.lproj/LaunchScreen.xib; sourceTree = "<group>"; };
		B6B19BF61ADD84E7006FDE40 /* Bastian MorathTests.xctest */ = {isa = PBXFileReference; explicitFileType = wrapper.cfbundle; includeInIndex = 0; path = "Bastian MorathTests.xctest"; sourceTree = BUILT_PRODUCTS_DIR; };
		B6B19BFB1ADD84E7006FDE40 /* Info.plist */ = {isa = PBXFileReference; lastKnownFileType = text.plist.xml; path = Info.plist; sourceTree = "<group>"; };
		B6B19BFC1ADD84E7006FDE40 /* Bastian_MorathTests.swift */ = {isa = PBXFileReference; lastKnownFileType = sourcecode.swift; path = Bastian_MorathTests.swift; sourceTree = "<group>"; };
		B6B19C061ADD8621006FDE40 /* CollectionViewCell.swift */ = {isa = PBXFileReference; fileEncoding = 4; lastKnownFileType = sourcecode.swift; path = CollectionViewCell.swift; sourceTree = "<group>"; };
		B6B19C081ADD8756006FDE40 /* BMCollectionViewLayout.swift */ = {isa = PBXFileReference; fileEncoding = 4; lastKnownFileType = sourcecode.swift; path = BMCollectionViewLayout.swift; sourceTree = "<group>"; };
		B6B19C0C1ADDF781006FDE40 /* image.PNG */ = {isa = PBXFileReference; lastKnownFileType = image.png; path = image.PNG; sourceTree = "<group>"; };
/* End PBXFileReference section */

/* Begin PBXFrameworksBuildPhase section */
		B6B19BDE1ADD84E7006FDE40 /* Frameworks */ = {
			isa = PBXFrameworksBuildPhase;
			buildActionMask = 2147483647;
			files = (
			);
			runOnlyForDeploymentPostprocessing = 0;
		};
		B6B19BF31ADD84E7006FDE40 /* Frameworks */ = {
			isa = PBXFrameworksBuildPhase;
			buildActionMask = 2147483647;
			files = (
			);
			runOnlyForDeploymentPostprocessing = 0;
		};
/* End PBXFrameworksBuildPhase section */

/* Begin PBXGroup section */
		B6A0E4071AE9958200DBC66F /* CollectionViewController */ = {
			isa = PBXGroup;
			children = (
				B674CEBA1AE81883002B6D23 /* BMCollectionVC.swift */,
				B6B19C061ADD8621006FDE40 /* CollectionViewCell.swift */,
				B6B19C081ADD8756006FDE40 /* BMCollectionViewLayout.swift */,
			);
			name = CollectionViewController;
			sourceTree = "<group>";
		};
		B6B19BD81ADD84E7006FDE40 = {
			isa = PBXGroup;
			children = (
				B6B19BE31ADD84E7006FDE40 /* Bastian Morath */,
				B6B19BF91ADD84E7006FDE40 /* Bastian MorathTests */,
				B6B19BE21ADD84E7006FDE40 /* Products */,
			);
			sourceTree = "<group>";
		};
		B6B19BE21ADD84E7006FDE40 /* Products */ = {
			isa = PBXGroup;
			children = (
				B6B19BE11ADD84E7006FDE40 /* Bastian Morath.app */,
				B6B19BF61ADD84E7006FDE40 /* Bastian MorathTests.xctest */,
			);
			name = Products;
			sourceTree = "<group>";
		};
		B6B19BE31ADD84E7006FDE40 /* Bastian Morath */ = {
			isa = PBXGroup;
			children = (
				B6A0E4071AE9958200DBC66F /* CollectionViewController */,
				B6B19BE61ADD84E7006FDE40 /* AppDelegate.swift */,
				B6B19BE81ADD84E7006FDE40 /* ViewController.swift */,
				B6A0E4081AE995BD00DBC66F /* BMDetailViewController.swift */,
				B674CEBE1AE83B09002B6D23 /* Factory.swift */,
				B6A0E4221AE9C8A300DBC66F /* BMLabel.swift */,
				B6A0E40A1AE9A5BC00DBC66F /* BMButton.swift */,
				B6B19BEA1ADD84E7006FDE40 /* Main.storyboard */,
				B6A0E4281AE9D42B00DBC66F /* BMTableViewTextCell.swift */,
				B6A0E42C1AE9F85B00DBC66F /* BMTableViewPictureCell.swift */,
				B6B19BED1ADD84E7006FDE40 /* Images.xcassets */,
				B6B19BEF1ADD84E7006FDE40 /* LaunchScreen.xib */,
				B6B19BE41ADD84E7006FDE40 /* Supporting Files */,
			);
			path = "Bastian Morath";
			sourceTree = "<group>";
		};
		B6B19BE41ADD84E7006FDE40 /* Supporting Files */ = {
			isa = PBXGroup;
			children = (
				B6A0E40C1AE9A71E00DBC66F /* cross.png */,
				B6A0E4141AE9B7BF00DBC66F /* coding.png */,
				B6A0E41C1AE9C03200DBC66F /* golfing.png */,
				B6A0E4201AE9C27300DBC66F /* handball.png */,
				B6A0E41A1AE9C02E00DBC66F /* guitar.png */,
				B6A0E4181AE9C02A00DBC66F /* education.png */,
				B6A0E40E1AE9AE5A00DBC66F /* about.png */,
				B6A0E4121AE9B5F600DBC66F /* traveling.png */,
				B655DD461AE0821700E70EFF /* profileImage.jpg */,
				B6B19C0C1ADDF781006FDE40 /* image.PNG */,
				B6B19BE51ADD84E7006FDE40 /* Info.plist */,
			);
			name = "Supporting Files";
			sourceTree = "<group>";
		};
		B6B19BF91ADD84E7006FDE40 /* Bastian MorathTests */ = {
			isa = PBXGroup;
			children = (
				B6B19BFC1ADD84E7006FDE40 /* Bastian_MorathTests.swift */,
				B6B19BFA1ADD84E7006FDE40 /* Supporting Files */,
			);
			path = "Bastian MorathTests";
			sourceTree = "<group>";
		};
		B6B19BFA1ADD84E7006FDE40 /* Supporting Files */ = {
			isa = PBXGroup;
			children = (
				B6B19BFB1ADD84E7006FDE40 /* Info.plist */,
			);
			name = "Supporting Files";
			sourceTree = "<group>";
		};
/* End PBXGroup section */

/* Begin PBXNativeTarget section */
		B6B19BE01ADD84E7006FDE40 /* Bastian Morath */ = {
			isa = PBXNativeTarget;
			buildConfigurationList = B6B19C001ADD84E7006FDE40 /* Build configuration list for PBXNativeTarget "Bastian Morath" */;
			buildPhases = (
				B6B19BDD1ADD84E7006FDE40 /* Sources */,
				B6B19BDE1ADD84E7006FDE40 /* Frameworks */,
				B6B19BDF1ADD84E7006FDE40 /* Resources */,
			);
			buildRules = (
			);
			dependencies = (
			);
			name = "Bastian Morath";
			productName = "Bastian Morath";
			productReference = B6B19BE11ADD84E7006FDE40 /* Bastian Morath.app */;
			productType = "com.apple.product-type.application";
		};
		B6B19BF51ADD84E7006FDE40 /* Bastian MorathTests */ = {
			isa = PBXNativeTarget;
			buildConfigurationList = B6B19C031ADD84E7006FDE40 /* Build configuration list for PBXNativeTarget "Bastian MorathTests" */;
			buildPhases = (
				B6B19BF21ADD84E7006FDE40 /* Sources */,
				B6B19BF31ADD84E7006FDE40 /* Frameworks */,
				B6B19BF41ADD84E7006FDE40 /* Resources */,
			);
			buildRules = (
			);
			dependencies = (
				B6B19BF81ADD84E7006FDE40 /* PBXTargetDependency */,
			);
			name = "Bastian MorathTests";
			productName = "Bastian MorathTests";
			productReference = B6B19BF61ADD84E7006FDE40 /* Bastian MorathTests.xctest */;
			productType = "com.apple.product-type.bundle.unit-test";
		};
/* End PBXNativeTarget section */

/* Begin PBXProject section */
		B6B19BD91ADD84E7006FDE40 /* Project object */ = {
			isa = PBXProject;
			attributes = {
				LastUpgradeCheck = 0630;
				ORGANIZATIONNAME = "Bastian Morath";
				TargetAttributes = {
					B6B19BE01ADD84E7006FDE40 = {
						CreatedOnToolsVersion = 6.3;
					};
					B6B19BF51ADD84E7006FDE40 = {
						CreatedOnToolsVersion = 6.3;
						TestTargetID = B6B19BE01ADD84E7006FDE40;
					};
				};
			};
			buildConfigurationList = B6B19BDC1ADD84E7006FDE40 /* Build configuration list for PBXProject "Bastian Morath" */;
			compatibilityVersion = "Xcode 3.2";
			developmentRegion = English;
			hasScannedForEncodings = 0;
			knownRegions = (
				en,
				Base,
			);
			mainGroup = B6B19BD81ADD84E7006FDE40;
			productRefGroup = B6B19BE21ADD84E7006FDE40 /* Products */;
			projectDirPath = "";
			projectRoot = "";
			targets = (
				B6B19BE01ADD84E7006FDE40 /* Bastian Morath */,
				B6B19BF51ADD84E7006FDE40 /* Bastian MorathTests */,
			);
		};
/* End PBXProject section */

/* Begin PBXResourcesBuildPhase section */
		B6B19BDF1ADD84E7006FDE40 /* Resources */ = {
			isa = PBXResourcesBuildPhase;
			buildActionMask = 2147483647;
			files = (
				B6B19C0D1ADDF781006FDE40 /* image.PNG in Resources */,
				B6B19BEC1ADD84E7006FDE40 /* Main.storyboard in Resources */,
				B6A0E41B1AE9C02E00DBC66F /* guitar.png in Resources */,
				B6A0E4211AE9C27300DBC66F /* handball.png in Resources */,
				B6A0E40D1AE9A71E00DBC66F /* cross.png in Resources */,
				B6A0E40F1AE9AE5A00DBC66F /* about.png in Resources */,
				B655DD471AE0821700E70EFF /* profileImage.jpg in Resources */,
				B6A0E41D1AE9C03200DBC66F /* golfing.png in Resources */,
				B6A0E4151AE9B7BF00DBC66F /* coding.png in Resources */,
				B6B19BF11ADD84E7006FDE40 /* LaunchScreen.xib in Resources */,
				B6A0E4131AE9B5F600DBC66F /* traveling.png in Resources */,
				B6A0E4191AE9C02A00DBC66F /* education.png in Resources */,
				B6B19BEE1ADD84E7006FDE40 /* Images.xcassets in Resources */,
			);
			runOnlyForDeploymentPostprocessing = 0;
		};
		B6B19BF41ADD84E7006FDE40 /* Resources */ = {
			isa = PBXResourcesBuildPhase;
			buildActionMask = 2147483647;
			files = (
			);
			runOnlyForDeploymentPostprocessing = 0;
		};
/* End PBXResourcesBuildPhase section */

/* Begin PBXSourcesBuildPhase section */
		B6B19BDD1ADD84E7006FDE40 /* Sources */ = {
			isa = PBXSourcesBuildPhase;
			buildActionMask = 2147483647;
			files = (
				B6B19C071ADD8621006FDE40 /* CollectionViewCell.swift in Sources */,
				B6A0E4231AE9C8A300DBC66F /* BMLabel.swift in Sources */,
				B6A0E4091AE995BD00DBC66F /* BMDetailViewController.swift in Sources */,
				B6B19BE91ADD84E7006FDE40 /* ViewController.swift in Sources */,
				B6A0E42D1AE9F85B00DBC66F /* BMTableViewPictureCell.swift in Sources */,
				B674CEBF1AE83B09002B6D23 /* Factory.swift in Sources */,
				B6A0E40B1AE9A5BC00DBC66F /* BMButton.swift in Sources */,
				B6B19BE71ADD84E7006FDE40 /* AppDelegate.swift in Sources */,
				B6A0E42A1AE9D42B00DBC66F /* BMTableViewTextCell.swift in Sources */,
				B674CEBB1AE81883002B6D23 /* BMCollectionVC.swift in Sources */,
				B6B19C091ADD8756006FDE40 /* BMCollectionViewLayout.swift in Sources */,
			);
			runOnlyForDeploymentPostprocessing = 0;
		};
		B6B19BF21ADD84E7006FDE40 /* Sources */ = {
			isa = PBXSourcesBuildPhase;
			buildActionMask = 2147483647;
			files = (
				B6B19BFD1ADD84E7006FDE40 /* Bastian_MorathTests.swift in Sources */,
			);
			runOnlyForDeploymentPostprocessing = 0;
		};
/* End PBXSourcesBuildPhase section */

/* Begin PBXTargetDependency section */
		B6B19BF81ADD84E7006FDE40 /* PBXTargetDependency */ = {
			isa = PBXTargetDependency;
			target = B6B19BE01ADD84E7006FDE40 /* Bastian Morath */;
			targetProxy = B6B19BF71ADD84E7006FDE40 /* PBXContainerItemProxy */;
		};
/* End PBXTargetDependency section */

/* Begin PBXVariantGroup section */
		B6B19BEA1ADD84E7006FDE40 /* Main.storyboard */ = {
			isa = PBXVariantGroup;
			children = (
				B6B19BEB1ADD84E7006FDE40 /* Base */,
			);
			name = Main.storyboard;
			sourceTree = "<group>";
		};
		B6B19BEF1ADD84E7006FDE40 /* LaunchScreen.xib */ = {
			isa = PBXVariantGroup;
			children = (
				B6B19BF01ADD84E7006FDE40 /* Base */,
			);
			name = LaunchScreen.xib;
			sourceTree = "<group>";
		};
/* End PBXVariantGroup section */

/* Begin XCBuildConfiguration section */
		B6B19BFE1ADD84E7006FDE40 /* Debug */ = {
			isa = XCBuildConfiguration;
			buildSettings = {
				ALWAYS_SEARCH_USER_PATHS = NO;
				CLANG_CXX_LANGUAGE_STANDARD = "gnu++0x";
				CLANG_CXX_LIBRARY = "libc++";
				CLANG_ENABLE_MODULES = YES;
				CLANG_ENABLE_OBJC_ARC = YES;
				CLANG_WARN_BOOL_CONVERSION = YES;
				CLANG_WARN_CONSTANT_CONVERSION = YES;
				CLANG_WARN_DIRECT_OBJC_ISA_USAGE = YES_ERROR;
				CLANG_WARN_EMPTY_BODY = YES;
				CLANG_WARN_ENUM_CONVERSION = YES;
				CLANG_WARN_INT_CONVERSION = YES;
				CLANG_WARN_OBJC_ROOT_CLASS = YES_ERROR;
				CLANG_WARN_UNREACHABLE_CODE = YES;
				CLANG_WARN__DUPLICATE_METHOD_MATCH = YES;
				"CODE_SIGN_IDENTITY[sdk=iphoneos*]" = "iPhone Developer";
				COPY_PHASE_STRIP = NO;
				DEBUG_INFORMATION_FORMAT = "dwarf-with-dsym";
				ENABLE_STRICT_OBJC_MSGSEND = YES;
				GCC_C_LANGUAGE_STANDARD = gnu99;
				GCC_DYNAMIC_NO_PIC = NO;
				GCC_NO_COMMON_BLOCKS = YES;
				GCC_OPTIMIZATION_LEVEL = 0;
				GCC_PREPROCESSOR_DEFINITIONS = (
					"DEBUG=1",
					"$(inherited)",
				);
				GCC_SYMBOLS_PRIVATE_EXTERN = NO;
				GCC_WARN_64_TO_32_BIT_CONVERSION = YES;
				GCC_WARN_ABOUT_RETURN_TYPE = YES_ERROR;
				GCC_WARN_UNDECLARED_SELECTOR = YES;
				GCC_WARN_UNINITIALIZED_AUTOS = YES_AGGRESSIVE;
				GCC_WARN_UNUSED_FUNCTION = YES;
				GCC_WARN_UNUSED_VARIABLE = YES;
				IPHONEOS_DEPLOYMENT_TARGET = 8.3;
				MTL_ENABLE_DEBUG_INFO = YES;
				ONLY_ACTIVE_ARCH = YES;
				SDKROOT = iphoneos;
				SWIFT_OPTIMIZATION_LEVEL = "-Onone";
				TARGETED_DEVICE_FAMILY = "1,2";
			};
			name = Debug;
		};
		B6B19BFF1ADD84E7006FDE40 /* Release */ = {
			isa = XCBuildConfiguration;
			buildSettings = {
				ALWAYS_SEARCH_USER_PATHS = NO;
				CLANG_CXX_LANGUAGE_STANDARD = "gnu++0x";
				CLANG_CXX_LIBRARY = "libc++";
				CLANG_ENABLE_MODULES = YES;
				CLANG_ENABLE_OBJC_ARC = YES;
				CLANG_WARN_BOOL_CONVERSION = YES;
				CLANG_WARN_CONSTANT_CONVERSION = YES;
				CLANG_WARN_DIRECT_OBJC_ISA_USAGE = YES_ERROR;
				CLANG_WARN_EMPTY_BODY = YES;
				CLANG_WARN_ENUM_CONVERSION = YES;
				CLANG_WARN_INT_CONVERSION = YES;
				CLANG_WARN_OBJC_ROOT_CLASS = YES_ERROR;
				CLANG_WARN_UNREACHABLE_CODE = YES;
				CLANG_WARN__DUPLICATE_METHOD_MATCH = YES;
				"CODE_SIGN_IDENTITY[sdk=iphoneos*]" = "iPhone Developer";
				COPY_PHASE_STRIP = NO;
				DEBUG_INFORMATION_FORMAT = "dwarf-with-dsym";
				ENABLE_NS_ASSERTIONS = NO;
				ENABLE_STRICT_OBJC_MSGSEND = YES;
				GCC_C_LANGUAGE_STANDARD = gnu99;
				GCC_NO_COMMON_BLOCKS = YES;
				GCC_WARN_64_TO_32_BIT_CONVERSION = YES;
				GCC_WARN_ABOUT_RETURN_TYPE = YES_ERROR;
				GCC_WARN_UNDECLARED_SELECTOR = YES;
				GCC_WARN_UNINITIALIZED_AUTOS = YES_AGGRESSIVE;
				GCC_WARN_UNUSED_FUNCTION = YES;
				GCC_WARN_UNUSED_VARIABLE = YES;
				IPHONEOS_DEPLOYMENT_TARGET = 8.3;
				MTL_ENABLE_DEBUG_INFO = NO;
				SDKROOT = iphoneos;
				TARGETED_DEVICE_FAMILY = "1,2";
				VALIDATE_PRODUCT = YES;
			};
			name = Release;
		};
		B6B19C011ADD84E7006FDE40 /* Debug */ = {
			isa = XCBuildConfiguration;
			buildSettings = {
				ASSETCATALOG_COMPILER_APPICON_NAME = AppIcon;
				INFOPLIST_FILE = "Bastian Morath/Info.plist";
				LD_RUNPATH_SEARCH_PATHS = "$(inherited) @executable_path/Frameworks";
				PRODUCT_NAME = "$(TARGET_NAME)";
			};
			name = Debug;
		};
		B6B19C021ADD84E7006FDE40 /* Release */ = {
			isa = XCBuildConfiguration;
			buildSettings = {
				ASSETCATALOG_COMPILER_APPICON_NAME = AppIcon;
				INFOPLIST_FILE = "Bastian Morath/Info.plist";
				LD_RUNPATH_SEARCH_PATHS = "$(inherited) @executable_path/Frameworks";
				PRODUCT_NAME = "$(TARGET_NAME)";
			};
			name = Release;
		};
		B6B19C041ADD84E7006FDE40 /* Debug */ = {
			isa = XCBuildConfiguration;
			buildSettings = {
				BUNDLE_LOADER = "$(TEST_HOST)";
				FRAMEWORK_SEARCH_PATHS = (
					"$(SDKROOT)/Developer/Library/Frameworks",
					"$(inherited)",
				);
				GCC_PREPROCESSOR_DEFINITIONS = (
					"DEBUG=1",
					"$(inherited)",
				);
				INFOPLIST_FILE = "Bastian MorathTests/Info.plist";
				LD_RUNPATH_SEARCH_PATHS = "$(inherited) @executable_path/Frameworks @loader_path/Frameworks";
				PRODUCT_NAME = "$(TARGET_NAME)";
				TEST_HOST = "$(BUILT_PRODUCTS_DIR)/Bastian Morath.app/Bastian Morath";
			};
			name = Debug;
		};
		B6B19C051ADD84E7006FDE40 /* Release */ = {
			isa = XCBuildConfiguration;
			buildSettings = {
				BUNDLE_LOADER = "$(TEST_HOST)";
				FRAMEWORK_SEARCH_PATHS = (
					"$(SDKROOT)/Developer/Library/Frameworks",
					"$(inherited)",
				);
				INFOPLIST_FILE = "Bastian MorathTests/Info.plist";
				LD_RUNPATH_SEARCH_PATHS = "$(inherited) @executable_path/Frameworks @loader_path/Frameworks";
				PRODUCT_NAME = "$(TARGET_NAME)";
				TEST_HOST = "$(BUILT_PRODUCTS_DIR)/Bastian Morath.app/Bastian Morath";
			};
			name = Release;
		};
/* End XCBuildConfiguration section */

/* Begin XCConfigurationList section */
		B6B19BDC1ADD84E7006FDE40 /* Build configuration list for PBXProject "Bastian Morath" */ = {
			isa = XCConfigurationList;
			buildConfigurations = (
				B6B19BFE1ADD84E7006FDE40 /* Debug */,
				B6B19BFF1ADD84E7006FDE40 /* Release */,
			);
			defaultConfigurationIsVisible = 0;
			defaultConfigurationName = Release;
		};
		B6B19C001ADD84E7006FDE40 /* Build configuration list for PBXNativeTarget "Bastian Morath" */ = {
			isa = XCConfigurationList;
			buildConfigurations = (
				B6B19C011ADD84E7006FDE40 /* Debug */,
				B6B19C021ADD84E7006FDE40 /* Release */,
			);
			defaultConfigurationIsVisible = 0;
			defaultConfigurationName = Release;
		};
		B6B19C031ADD84E7006FDE40 /* Build configuration list for PBXNativeTarget "Bastian MorathTests" */ = {
			isa = XCConfigurationList;
			buildConfigurations = (
				B6B19C041ADD84E7006FDE40 /* Debug */,
				B6B19C051ADD84E7006FDE40 /* Release */,
			);
			defaultConfigurationIsVisible = 0;
			defaultConfigurationName = Release;
		};
/* End XCConfigurationList section */
	};
	rootObject = B6B19BD91ADD84E7006FDE40 /* Project object */;
}
